// !$*UTF8*$!
{
	archiveVersion = 1;
	classes = {
	};
	objectVersion = 55;
	objects = {

/* Begin PBXBuildFile section */
		B2465CBF281316400068CC49 /* FlutterEngine.storyboard in Resources */ = {isa = PBXBuildFile; fileRef = B2465CBE281316400068CC49 /* FlutterEngine.storyboard */; };
		B2C205802811CEB4001A169A /* FlutterModulePage1.swift in Sources */ = {isa = PBXBuildFile; fileRef = B2C2057F2811CEB4001A169A /* FlutterModulePage1.swift */; };
		B2CE09FF280DE6AE00E0C645 /* AppDelegate.swift in Sources */ = {isa = PBXBuildFile; fileRef = B2CE09FE280DE6AE00E0C645 /* AppDelegate.swift */; };
		B2CE0A01280DE6AE00E0C645 /* SceneDelegate.swift in Sources */ = {isa = PBXBuildFile; fileRef = B2CE0A00280DE6AE00E0C645 /* SceneDelegate.swift */; };
		B2CE0A03280DE6AE00E0C645 /* ViewController.swift in Sources */ = {isa = PBXBuildFile; fileRef = B2CE0A02280DE6AE00E0C645 /* ViewController.swift */; };
		B2CE0A06280DE6AE00E0C645 /* Main.storyboard in Resources */ = {isa = PBXBuildFile; fileRef = B2CE0A04280DE6AE00E0C645 /* Main.storyboard */; };
		B2CE0A08280DE6B200E0C645 /* Assets.xcassets in Resources */ = {isa = PBXBuildFile; fileRef = B2CE0A07280DE6B200E0C645 /* Assets.xcassets */; };
		B2CE0A0B280DE6B200E0C645 /* LaunchScreen.storyboard in Resources */ = {isa = PBXBuildFile; fileRef = B2CE0A09280DE6B200E0C645 /* LaunchScreen.storyboard */; };
		E00CD3AE4F36E62BE02532D0 /* Pods_native_app_with_flutter_module.framework in Frameworks */ = {isa = PBXBuildFile; fileRef = B152C8F0CD1E2A84D2E5F19C /* Pods_native_app_with_flutter_module.framework */; };
/* End PBXBuildFile section */

/* Begin PBXFileReference section */
		138FDE3189AE992EBBC49DB9 /* Pods-native app with flutter module.release.xcconfig */ = {isa = PBXFileReference; includeInIndex = 1; lastKnownFileType = text.xcconfig; name = "Pods-native app with flutter module.release.xcconfig"; path = "Target Support Files/Pods-native app with flutter module/Pods-native app with flutter module.release.xcconfig"; sourceTree = "<group>"; };
		7F583F483CF6ECA95FF968AE /* Pods-native app with flutter module.debug.xcconfig */ = {isa = PBXFileReference; includeInIndex = 1; lastKnownFileType = text.xcconfig; name = "Pods-native app with flutter module.debug.xcconfig"; path = "Target Support Files/Pods-native app with flutter module/Pods-native app with flutter module.debug.xcconfig"; sourceTree = "<group>"; };
		B152C8F0CD1E2A84D2E5F19C /* Pods_native_app_with_flutter_module.framework */ = {isa = PBXFileReference; explicitFileType = wrapper.framework; includeInIndex = 0; path = Pods_native_app_with_flutter_module.framework; sourceTree = BUILT_PRODUCTS_DIR; };
		B2465CBE281316400068CC49 /* FlutterEngine.storyboard */ = {isa = PBXFileReference; lastKnownFileType = file.storyboard; name = FlutterEngine.storyboard; path = "native app with flutter module/Page/FlutterEngine.storyboard"; sourceTree = SOURCE_ROOT; };
		B2C2057F2811CEB4001A169A /* FlutterModulePage1.swift */ = {isa = PBXFileReference; lastKnownFileType = sourcecode.swift; path = FlutterModulePage1.swift; sourceTree = "<group>"; };
		B2CE09FB280DE6AE00E0C645 /* native app with flutter module.app */ = {isa = PBXFileReference; explicitFileType = wrapper.application; includeInIndex = 0; path = "native app with flutter module.app"; sourceTree = BUILT_PRODUCTS_DIR; };
		B2CE09FE280DE6AE00E0C645 /* AppDelegate.swift */ = {isa = PBXFileReference; lastKnownFileType = sourcecode.swift; path = AppDelegate.swift; sourceTree = "<group>"; };
		B2CE0A00280DE6AE00E0C645 /* SceneDelegate.swift */ = {isa = PBXFileReference; lastKnownFileType = sourcecode.swift; path = SceneDelegate.swift; sourceTree = "<group>"; };
		B2CE0A02280DE6AE00E0C645 /* ViewController.swift */ = {isa = PBXFileReference; lastKnownFileType = sourcecode.swift; path = ViewController.swift; sourceTree = "<group>"; };
		B2CE0A05280DE6AE00E0C645 /* Base */ = {isa = PBXFileReference; lastKnownFileType = file.storyboard; name = Base; path = Base.lproj/Main.storyboard; sourceTree = "<group>"; };
		B2CE0A07280DE6B200E0C645 /* Assets.xcassets */ = {isa = PBXFileReference; lastKnownFileType = folder.assetcatalog; path = Assets.xcassets; sourceTree = "<group>"; };
		B2CE0A0A280DE6B200E0C645 /* Base */ = {isa = PBXFileReference; lastKnownFileType = file.storyboard; name = Base; path = Base.lproj/LaunchScreen.storyboard; sourceTree = "<group>"; };
		B2CE0A0C280DE6B200E0C645 /* Info.plist */ = {isa = PBXFileReference; lastKnownFileType = text.plist.xml; path = Info.plist; sourceTree = "<group>"; };
/* End PBXFileReference section */

/* Begin PBXFrameworksBuildPhase section */
		B2CE09F8280DE6AE00E0C645 /* Frameworks */ = {
			isa = PBXFrameworksBuildPhase;
			buildActionMask = 2147483647;
			files = (
				E00CD3AE4F36E62BE02532D0 /* Pods_native_app_with_flutter_module.framework in Frameworks */,
			);
			runOnlyForDeploymentPostprocessing = 0;
		};
/* End PBXFrameworksBuildPhase section */

/* Begin PBXGroup section */
		98316D555B4EFC8D74FC9F9F /* Pods */ = {
			isa = PBXGroup;
			children = (
				7F583F483CF6ECA95FF968AE /* Pods-native app with flutter module.debug.xcconfig */,
				138FDE3189AE992EBBC49DB9 /* Pods-native app with flutter module.release.xcconfig */,
			);
			path = Pods;
			sourceTree = "<group>";
		};
		B2C2057E2811CEA0001A169A /* Page */ = {
			isa = PBXGroup;
			children = (
				B2C2057F2811CEB4001A169A /* FlutterModulePage1.swift */,
				B2465CBE281316400068CC49 /* FlutterEngine.storyboard */,
			);
			path = Page;
			sourceTree = "<group>";
		};
		B2CE09F2280DE6AE00E0C645 = {
			isa = PBXGroup;
			children = (
				B2CE09FD280DE6AE00E0C645 /* native app with flutter module */,
				B2CE09FC280DE6AE00E0C645 /* Products */,
				98316D555B4EFC8D74FC9F9F /* Pods */,
				C7E76B9FBE134399705B3668 /* Frameworks */,
			);
			sourceTree = "<group>";
		};
		B2CE09FC280DE6AE00E0C645 /* Products */ = {
			isa = PBXGroup;
			children = (
				B2CE09FB280DE6AE00E0C645 /* native app with flutter module.app */,
			);
			name = Products;
			sourceTree = "<group>";
		};
		B2CE09FD280DE6AE00E0C645 /* native app with flutter module */ = {
			isa = PBXGroup;
			children = (
				B2C2057E2811CEA0001A169A /* Page */,
				B2CE09FE280DE6AE00E0C645 /* AppDelegate.swift */,
				B2CE0A00280DE6AE00E0C645 /* SceneDelegate.swift */,
				B2CE0A02280DE6AE00E0C645 /* ViewController.swift */,
				B2CE0A04280DE6AE00E0C645 /* Main.storyboard */,
				B2CE0A07280DE6B200E0C645 /* Assets.xcassets */,
				B2CE0A09280DE6B200E0C645 /* LaunchScreen.storyboard */,
				B2CE0A0C280DE6B200E0C645 /* Info.plist */,
			);
			path = "native app with flutter module";
			sourceTree = "<group>";
		};
		C7E76B9FBE134399705B3668 /* Frameworks */ = {
			isa = PBXGroup;
			children = (
				B152C8F0CD1E2A84D2E5F19C /* Pods_native_app_with_flutter_module.framework */,
			);
			name = Frameworks;
			sourceTree = "<group>";
		};
/* End PBXGroup section */

/* Begin PBXNativeTarget section */
		B2CE09FA280DE6AE00E0C645 /* native app with flutter module */ = {
			isa = PBXNativeTarget;
			buildConfigurationList = B2CE0A0F280DE6B200E0C645 /* Build configuration list for PBXNativeTarget "native app with flutter module" */;
			buildPhases = (
				411E950E6BF7BA2802735DA1 /* [CP] Check Pods Manifest.lock */,
				2B9F987FE4258A31B11726F4 /* [CP-User] Run Flutter Build flutter_module Script */,
				B2CE09F7280DE6AE00E0C645 /* Sources */,
				B2CE09F8280DE6AE00E0C645 /* Frameworks */,
				B2CE09F9280DE6AE00E0C645 /* Resources */,
				319661186303A0B1C432EBCC /* [CP] Embed Pods Frameworks */,
			);
			buildRules = (
			);
			dependencies = (
			);
			name = "native app with flutter module";
			productName = "native app with flutter module";
			productReference = B2CE09FB280DE6AE00E0C645 /* native app with flutter module.app */;
			productType = "com.apple.product-type.application";
		};
/* End PBXNativeTarget section */

/* Begin PBXProject section */
		B2CE09F3280DE6AE00E0C645 /* Project object */ = {
			isa = PBXProject;
			attributes = {
				BuildIndependentTargetsInParallel = 1;
				LastSwiftUpdateCheck = 1320;
				LastUpgradeCheck = 1320;
				TargetAttributes = {
					B2CE09FA280DE6AE00E0C645 = {
						CreatedOnToolsVersion = 13.2.1;
					};
				};
			};
			buildConfigurationList = B2CE09F6280DE6AE00E0C645 /* Build configuration list for PBXProject "native app with flutter module" */;
			compatibilityVersion = "Xcode 13.0";
			developmentRegion = en;
			hasScannedForEncodings = 0;
			knownRegions = (
				en,
				Base,
			);
			mainGroup = B2CE09F2280DE6AE00E0C645;
			productRefGroup = B2CE09FC280DE6AE00E0C645 /* Products */;
			projectDirPath = "";
			projectRoot = "";
			targets = (
				B2CE09FA280DE6AE00E0C645 /* native app with flutter module */,
			);
		};
/* End PBXProject section */

/* Begin PBXResourcesBuildPhase section */
		B2CE09F9280DE6AE00E0C645 /* Resources */ = {
			isa = PBXResourcesBuildPhase;
			buildActionMask = 2147483647;
			files = (
				B2CE0A0B280DE6B200E0C645 /* LaunchScreen.storyboard in Resources */,
				B2CE0A08280DE6B200E0C645 /* Assets.xcassets in Resources */,
				B2CE0A06280DE6AE00E0C645 /* Main.storyboard in Resources */,
				B2465CBF281316400068CC49 /* FlutterEngine.storyboard in Resources */,
			);
			runOnlyForDeploymentPostprocessing = 0;
		};
/* End PBXResourcesBuildPhase section */

/* Begin PBXShellScriptBuildPhase section */
		2B9F987FE4258A31B11726F4 /* [CP-User] Run Flutter Build flutter_module Script */ = {
			isa = PBXShellScriptBuildPhase;
			buildActionMask = 2147483647;
			files = (
			);
			name = "[CP-User] Run Flutter Build flutter_module Script";
			runOnlyForDeploymentPostprocessing = 0;
			shellPath = /bin/sh;
			shellScript = "set -e\nset -u\nsource \"${SRCROOT}/../flutter_module/.ios/Flutter/flutter_export_environment.sh\"\nexport VERBOSE_SCRIPT_LOGGING=1 && \"$FLUTTER_ROOT\"/packages/flutter_tools/bin/xcode_backend.sh build";
		};
		319661186303A0B1C432EBCC /* [CP] Embed Pods Frameworks */ = {
			isa = PBXShellScriptBuildPhase;
			buildActionMask = 2147483647;
			files = (
			);
			inputFileListPaths = (
				"${PODS_ROOT}/Target Support Files/Pods-native app with flutter module/Pods-native app with flutter module-frameworks-${CONFIGURATION}-input-files.xcfilelist",
			);
			name = "[CP] Embed Pods Frameworks";
			outputFileListPaths = (
				"${PODS_ROOT}/Target Support Files/Pods-native app with flutter module/Pods-native app with flutter module-frameworks-${CONFIGURATION}-output-files.xcfilelist",
			);
			runOnlyForDeploymentPostprocessing = 0;
			shellPath = /bin/sh;
			shellScript = "\"${PODS_ROOT}/Target Support Files/Pods-native app with flutter module/Pods-native app with flutter module-frameworks.sh\"\n";
			showEnvVarsInLog = 0;
		};
		411E950E6BF7BA2802735DA1 /* [CP] Check Pods Manifest.lock */ = {
			isa = PBXShellScriptBuildPhase;
			buildActionMask = 2147483647;
			files = (
			);
			inputFileListPaths = (
			);
			inputPaths = (
				"${PODS_PODFILE_DIR_PATH}/Podfile.lock",
				"${PODS_ROOT}/Manifest.lock",
			);
			name = "[CP] Check Pods Manifest.lock";
			outputFileListPaths = (
			);
			outputPaths = (
				"$(DERIVED_FILE_DIR)/Pods-native app with flutter module-checkManifestLockResult.txt",
			);
			runOnlyForDeploymentPostprocessing = 0;
			shellPath = /bin/sh;
			shellScript = "diff \"${PODS_PODFILE_DIR_PATH}/Podfile.lock\" \"${PODS_ROOT}/Manifest.lock\" > /dev/null\nif [ $? != 0 ] ; then\n    # print error to STDERR\n    echo \"error: The sandbox is not in sync with the Podfile.lock. Run 'pod install' or update your CocoaPods installation.\" >&2\n    exit 1\nfi\n# This output is used by Xcode 'outputs' to avoid re-running this script phase.\necho \"SUCCESS\" > \"${SCRIPT_OUTPUT_FILE_0}\"\n";
			showEnvVarsInLog = 0;
		};
/* End PBXShellScriptBuildPhase section */

/* Begin PBXSourcesBuildPhase section */
		B2CE09F7280DE6AE00E0C645 /* Sources */ = {
			isa = PBXSourcesBuildPhase;
			buildActionMask = 2147483647;
			files = (
				B2CE0A03280DE6AE00E0C645 /* ViewController.swift in Sources */,
				B2C205802811CEB4001A169A /* FlutterModulePage1.swift in Sources */,
				B2CE09FF280DE6AE00E0C645 /* AppDelegate.swift in Sources */,
				B2CE0A01280DE6AE00E0C645 /* SceneDelegate.swift in Sources */,
			);
			runOnlyForDeploymentPostprocessing = 0;
		};
/* End PBXSourcesBuildPhase section */

/* Begin PBXVariantGroup section */
		B2CE0A04280DE6AE00E0C645 /* Main.storyboard */ = {
			isa = PBXVariantGroup;
			children = (
				B2CE0A05280DE6AE00E0C645 /* Base */,
			);
			name = Main.storyboard;
			sourceTree = "<group>";
		};
		B2CE0A09280DE6B200E0C645 /* LaunchScreen.storyboard */ = {
			isa = PBXVariantGroup;
			children = (
				B2CE0A0A280DE6B200E0C645 /* Base */,
			);
			name = LaunchScreen.storyboard;
			sourceTree = "<group>";
		};
/* End PBXVariantGroup section */

/* Begin XCBuildConfiguration section */
		B2CE0A0D280DE6B200E0C645 /* Debug */ = {
			isa = XCBuildConfiguration;
			buildSettings = {
				ALWAYS_SEARCH_USER_PATHS = NO;
				CLANG_ANALYZER_NONNULL = YES;
				CLANG_ANALYZER_NUMBER_OBJECT_CONVERSION = YES_AGGRESSIVE;
				CLANG_CXX_LANGUAGE_STANDARD = "gnu++17";
				CLANG_CXX_LIBRARY = "libc++";
				CLANG_ENABLE_MODULES = YES;
				CLANG_ENABLE_OBJC_ARC = YES;
				CLANG_ENABLE_OBJC_WEAK = YES;
				CLANG_WARN_BLOCK_CAPTURE_AUTORELEASING = YES;
				CLANG_WARN_BOOL_CONVERSION = YES;
				CLANG_WARN_COMMA = YES;
				CLANG_WARN_CONSTANT_CONVERSION = YES;
				CLANG_WARN_DEPRECATED_OBJC_IMPLEMENTATIONS = YES;
				CLANG_WARN_DIRECT_OBJC_ISA_USAGE = YES_ERROR;
				CLANG_WARN_DOCUMENTATION_COMMENTS = YES;
				CLANG_WARN_EMPTY_BODY = YES;
				CLANG_WARN_ENUM_CONVERSION = YES;
				CLANG_WARN_INFINITE_RECURSION = YES;
				CLANG_WARN_INT_CONVERSION = YES;
				CLANG_WARN_NON_LITERAL_NULL_CONVERSION = YES;
				CLANG_WARN_OBJC_IMPLICIT_RETAIN_SELF = YES;
				CLANG_WARN_OBJC_LITERAL_CONVERSION = YES;
				CLANG_WARN_OBJC_ROOT_CLASS = YES_ERROR;
				CLANG_WARN_QUOTED_INCLUDE_IN_FRAMEWORK_HEADER = YES;
				CLANG_WARN_RANGE_LOOP_ANALYSIS = YES;
				CLANG_WARN_STRICT_PROTOTYPES = YES;
				CLANG_WARN_SUSPICIOUS_MOVE = YES;
				CLANG_WARN_UNGUARDED_AVAILABILITY = YES_AGGRESSIVE;
				CLANG_WARN_UNREACHABLE_CODE = YES;
				CLANG_WARN__DUPLICATE_METHOD_MATCH = YES;
				COPY_PHASE_STRIP = NO;
				DEBUG_INFORMATION_FORMAT = dwarf;
				ENABLE_STRICT_OBJC_MSGSEND = YES;
				ENABLE_TESTABILITY = YES;
				GCC_C_LANGUAGE_STANDARD = gnu11;
				GCC_DYNAMIC_NO_PIC = NO;
				GCC_NO_COMMON_BLOCKS = YES;
				GCC_OPTIMIZATION_LEVEL = 0;
				GCC_PREPROCESSOR_DEFINITIONS = (
					"DEBUG=1",
					"$(inherited)",
				);
				GCC_WARN_64_TO_32_BIT_CONVERSION = YES;
				GCC_WARN_ABOUT_RETURN_TYPE = YES_ERROR;
				GCC_WARN_UNDECLARED_SELECTOR = YES;
				GCC_WARN_UNINITIALIZED_AUTOS = YES_AGGRESSIVE;
				GCC_WARN_UNUSED_FUNCTION = YES;
				GCC_WARN_UNUSED_VARIABLE = YES;
				IPHONEOS_DEPLOYMENT_TARGET = 15.2;
				MTL_ENABLE_DEBUG_INFO = INCLUDE_SOURCE;
				MTL_FAST_MATH = YES;
				ONLY_ACTIVE_ARCH = YES;
				SDKROOT = iphoneos;
				SWIFT_ACTIVE_COMPILATION_CONDITIONS = DEBUG;
				SWIFT_OPTIMIZATION_LEVEL = "-Onone";
			};
			name = Debug;
		};
		B2CE0A0E280DE6B200E0C645 /* Release */ = {
			isa = XCBuildConfiguration;
			buildSettings = {
				ALWAYS_SEARCH_USER_PATHS = NO;
				CLANG_ANALYZER_NONNULL = YES;
				CLANG_ANALYZER_NUMBER_OBJECT_CONVERSION = YES_AGGRESSIVE;
				CLANG_CXX_LANGUAGE_STANDARD = "gnu++17";
				CLANG_CXX_LIBRARY = "libc++";
				CLANG_ENABLE_MODULES = YES;
				CLANG_ENABLE_OBJC_ARC = YES;
				CLANG_ENABLE_OBJC_WEAK = YES;
				CLANG_WARN_BLOCK_CAPTURE_AUTORELEASING = YES;
				CLANG_WARN_BOOL_CONVERSION = YES;
				CLANG_WARN_COMMA = YES;
				CLANG_WARN_CONSTANT_CONVERSION = YES;
				CLANG_WARN_DEPRECATED_OBJC_IMPLEMENTATIONS = YES;
				CLANG_WARN_DIRECT_OBJC_ISA_USAGE = YES_ERROR;
				CLANG_WARN_DOCUMENTATION_COMMENTS = YES;
				CLANG_WARN_EMPTY_BODY = YES;
				CLANG_WARN_ENUM_CONVERSION = YES;
				CLANG_WARN_INFINITE_RECURSION = YES;
				CLANG_WARN_INT_CONVERSION = YES;
				CLANG_WARN_NON_LITERAL_NULL_CONVERSION = YES;
				CLANG_WARN_OBJC_IMPLICIT_RETAIN_SELF = YES;
				CLANG_WARN_OBJC_LITERAL_CONVERSION = YES;
				CLANG_WARN_OBJC_ROOT_CLASS = YES_ERROR;
				CLANG_WARN_QUOTED_INCLUDE_IN_FRAMEWORK_HEADER = YES;
				CLANG_WARN_RANGE_LOOP_ANALYSIS = YES;
				CLANG_WARN_STRICT_PROTOTYPES = YES;
				CLANG_WARN_SUSPICIOUS_MOVE = YES;
				CLANG_WARN_UNGUARDED_AVAILABILITY = YES_AGGRESSIVE;
				CLANG_WARN_UNREACHABLE_CODE = YES;
				CLANG_WARN__DUPLICATE_METHOD_MATCH = YES;
				COPY_PHASE_STRIP = NO;
				DEBUG_INFORMATION_FORMAT = "dwarf-with-dsym";
				ENABLE_NS_ASSERTIONS = NO;
				ENABLE_STRICT_OBJC_MSGSEND = YES;
				GCC_C_LANGUAGE_STANDARD = gnu11;
				GCC_NO_COMMON_BLOCKS = YES;
				GCC_WARN_64_TO_32_BIT_CONVERSION = YES;
				GCC_WARN_ABOUT_RETURN_TYPE = YES_ERROR;
				GCC_WARN_UNDECLARED_SELECTOR = YES;
				GCC_WARN_UNINITIALIZED_AUTOS = YES_AGGRESSIVE;
				GCC_WARN_UNUSED_FUNCTION = YES;
				GCC_WARN_UNUSED_VARIABLE = YES;
				IPHONEOS_DEPLOYMENT_TARGET = 15.2;
				MTL_ENABLE_DEBUG_INFO = NO;
				MTL_FAST_MATH = YES;
				SDKROOT = iphoneos;
				SWIFT_COMPILATION_MODE = wholemodule;
				SWIFT_OPTIMIZATION_LEVEL = "-O";
				VALIDATE_PRODUCT = YES;
			};
			name = Release;
		};
		B2CE0A10280DE6B200E0C645 /* Debug */ = {
			isa = XCBuildConfiguration;
			baseConfigurationReference = 7F583F483CF6ECA95FF968AE /* Pods-native app with flutter module.debug.xcconfig */;
			buildSettings = {
				ASSETCATALOG_COMPILER_APPICON_NAME = AppIcon;
				ASSETCATALOG_COMPILER_GLOBAL_ACCENT_COLOR_NAME = AccentColor;
				CODE_SIGN_STYLE = Automatic;
				CURRENT_PROJECT_VERSION = 1;
				DEVELOPMENT_TEAM = S5ZVG5XXCG;
				EXCLUDED_ARCHS = "";
				"EXCLUDED_ARCHS[sdk=iphonesimulator*]" = arm64;
				GENERATE_INFOPLIST_FILE = YES;
				INFOPLIST_FILE = "native app with flutter module/Info.plist";
				INFOPLIST_KEY_UIApplicationSupportsIndirectInputEvents = YES;
				INFOPLIST_KEY_UILaunchStoryboardName = LaunchScreen;
				INFOPLIST_KEY_UIMainStoryboardFile = Main;
				INFOPLIST_KEY_UISupportedInterfaceOrientations_iPad = "UIInterfaceOrientationPortrait UIInterfaceOrientationPortraitUpsideDown UIInterfaceOrientationLandscapeLeft UIInterfaceOrientationLandscapeRight";
				INFOPLIST_KEY_UISupportedInterfaceOrientations_iPhone = "UIInterfaceOrientationPortrait UIInterfaceOrientationLandscapeLeft UIInterfaceOrientationLandscapeRight";
				LD_RUNPATH_SEARCH_PATHS = (
					"$(inherited)",
					"@executable_path/Frameworks",
				);
				MARKETING_VERSION = 1.0;
				PRODUCT_BUNDLE_IDENTIFIER = "dev.zoominitcode.native.app.with.flutter.module.native-app-with-flutter-module";
				PRODUCT_NAME = "$(TARGET_NAME)";
				SWIFT_EMIT_LOC_STRINGS = YES;
				SWIFT_VERSION = 5.0;
				TARGETED_DEVICE_FAMILY = "1,2";
			};
			name = Debug;
		};
		B2CE0A11280DE6B200E0C645 /* Release */ = {
			isa = XCBuildConfiguration;
			baseConfigurationReference = 138FDE3189AE992EBBC49DB9 /* Pods-native app with flutter module.release.xcconfig */;
			buildSettings = {
				ASSETCATALOG_COMPILER_APPICON_NAME = AppIcon;
				ASSETCATALOG_COMPILER_GLOBAL_ACCENT_COLOR_NAME = AccentColor;
				CODE_SIGN_STYLE = Automatic;
				CURRENT_PROJECT_VERSION = 1;
				DEVELOPMENT_TEAM = S5ZVG5XXCG;
				EXCLUDED_ARCHS = "";
				GENERATE_INFOPLIST_FILE = YES;
				INFOPLIST_FILE = "native app with flutter module/Info.plist";
				INFOPLIST_KEY_UIApplicationSupportsIndirectInputEvents = YES;
				INFOPLIST_KEY_UILaunchStoryboardName = LaunchScreen;
				INFOPLIST_KEY_UIMainStoryboardFile = Main;
				INFOPLIST_KEY_UISupportedInterfaceOrientations_iPad = "UIInterfaceOrientationPortrait UIInterfaceOrientationPortraitUpsideDown UIInterfaceOrientationLandscapeLeft UIInterfaceOrientationLandscapeRight";
				INFOPLIST_KEY_UISupportedInterfaceOrientations_iPhone = "UIInterfaceOrientationPortrait UIInterfaceOrientationLandscapeLeft UIInterfaceOrientationLandscapeRight";
				LD_RUNPATH_SEARCH_PATHS = (
					"$(inherited)",
					"@executable_path/Frameworks",
				);
				MARKETING_VERSION = 1.0;
				PRODUCT_BUNDLE_IDENTIFIER = "dev.zoominitcode.native.app.with.flutter.module.native-app-with-flutter-module";
				PRODUCT_NAME = "$(TARGET_NAME)";
				SWIFT_EMIT_LOC_STRINGS = YES;
				SWIFT_VERSION = 5.0;
				TARGETED_DEVICE_FAMILY = "1,2";
			};
			name = Release;
		};
/* End XCBuildConfiguration section */

/* Begin XCConfigurationList section */
		B2CE09F6280DE6AE00E0C645 /* Build configuration list for PBXProject "native app with flutter module" */ = {
			isa = XCConfigurationList;
			buildConfigurations = (
				B2CE0A0D280DE6B200E0C645 /* Debug */,
				B2CE0A0E280DE6B200E0C645 /* Release */,
			);
			defaultConfigurationIsVisible = 0;
			defaultConfigurationName = Release;
		};
		B2CE0A0F280DE6B200E0C645 /* Build configuration list for PBXNativeTarget "native app with flutter module" */ = {
			isa = XCConfigurationList;
			buildConfigurations = (
				B2CE0A10280DE6B200E0C645 /* Debug */,
				B2CE0A11280DE6B200E0C645 /* Release */,
			);
			defaultConfigurationIsVisible = 0;
			defaultConfigurationName = Release;
		};
/* End XCConfigurationList section */
	};
	rootObject = B2CE09F3280DE6AE00E0C645 /* Project object */;
}
